// !$*UTF8*$!
{
	archiveVersion = 1;
	classes = {
	};
	objectVersion = 56;
	objects = {

/* Begin PBXBuildFile section */
		A91E994029CD1C1A0091F6E3 /* AppDelegate.swift in Sources */ = {isa = PBXBuildFile; fileRef = A91E993F29CD1C1A0091F6E3 /* AppDelegate.swift */; };
		A91E994229CD1C1A0091F6E3 /* SceneDelegate.swift in Sources */ = {isa = PBXBuildFile; fileRef = A91E994129CD1C1A0091F6E3 /* SceneDelegate.swift */; };
		A91E994429CD1C1A0091F6E3 /* ViewController.swift in Sources */ = {isa = PBXBuildFile; fileRef = A91E994329CD1C1A0091F6E3 /* ViewController.swift */; };
		A91E994729CD1C1A0091F6E3 /* Main.storyboard in Resources */ = {isa = PBXBuildFile; fileRef = A91E994529CD1C1A0091F6E3 /* Main.storyboard */; };
		A91E994929CD1C1B0091F6E3 /* Assets.xcassets in Resources */ = {isa = PBXBuildFile; fileRef = A91E994829CD1C1B0091F6E3 /* Assets.xcassets */; };
		A91E994C29CD1C1B0091F6E3 /* LaunchScreen.storyboard in Resources */ = {isa = PBXBuildFile; fileRef = A91E994A29CD1C1B0091F6E3 /* LaunchScreen.storyboard */; };
		A91E995529CD1FF70091F6E3 /* FirebaseAnalytics in Frameworks */ = {isa = PBXBuildFile; productRef = A91E995429CD1FF70091F6E3 /* FirebaseAnalytics */; };
		A91E995729CD1FF70091F6E3 /* FirebaseAuth in Frameworks */ = {isa = PBXBuildFile; productRef = A91E995629CD1FF70091F6E3 /* FirebaseAuth */; };
		A91E995929CD1FF70091F6E3 /* FirebaseFirestore in Frameworks */ = {isa = PBXBuildFile; productRef = A91E995829CD1FF70091F6E3 /* FirebaseFirestore */; };
		A91E995B29CD1FF70091F6E3 /* FirebaseStorage in Frameworks */ = {isa = PBXBuildFile; productRef = A91E995A29CD1FF70091F6E3 /* FirebaseStorage */; };
		A91E995D29CD20700091F6E3 /* GoogleService-Info.plist in Resources */ = {isa = PBXBuildFile; fileRef = A91E995C29CD20700091F6E3 /* GoogleService-Info.plist */; };
		A91E995F29CD30040091F6E3 /* FeedViewController.swift in Sources */ = {isa = PBXBuildFile; fileRef = A91E995E29CD30040091F6E3 /* FeedViewController.swift */; };
		A91E996129CD30260091F6E3 /* UploadViewController.swift in Sources */ = {isa = PBXBuildFile; fileRef = A91E996029CD30260091F6E3 /* UploadViewController.swift */; };
		A91E996329CD304F0091F6E3 /* SettingsViewController.swift in Sources */ = {isa = PBXBuildFile; fileRef = A91E996229CD304F0091F6E3 /* SettingsViewController.swift */; };
		A91E996529D1A2CD0091F6E3 /* FeedCell.swift in Sources */ = {isa = PBXBuildFile; fileRef = A91E996429D1A2CD0091F6E3 /* FeedCell.swift */; };
		A91E996829D332870091F6E3 /* SDWebImage in Frameworks */ = {isa = PBXBuildFile; productRef = A91E996729D332870091F6E3 /* SDWebImage */; };
		A91E996A29D332870091F6E3 /* SDWebImageMapKit in Frameworks */ = {isa = PBXBuildFile; productRef = A91E996929D332870091F6E3 /* SDWebImageMapKit */; };
/* End PBXBuildFile section */

/* Begin PBXFileReference section */
		A91E993C29CD1C1A0091F6E3 /* GinstaCloneApp.app */ = {isa = PBXFileReference; explicitFileType = wrapper.application; includeInIndex = 0; path = GinstaCloneApp.app; sourceTree = BUILT_PRODUCTS_DIR; };
		A91E993F29CD1C1A0091F6E3 /* AppDelegate.swift */ = {isa = PBXFileReference; lastKnownFileType = sourcecode.swift; path = AppDelegate.swift; sourceTree = "<group>"; };
		A91E994129CD1C1A0091F6E3 /* SceneDelegate.swift */ = {isa = PBXFileReference; lastKnownFileType = sourcecode.swift; path = SceneDelegate.swift; sourceTree = "<group>"; };
		A91E994329CD1C1A0091F6E3 /* ViewController.swift */ = {isa = PBXFileReference; lastKnownFileType = sourcecode.swift; path = ViewController.swift; sourceTree = "<group>"; };
		A91E994629CD1C1A0091F6E3 /* Base */ = {isa = PBXFileReference; lastKnownFileType = file.storyboard; name = Base; path = Base.lproj/Main.storyboard; sourceTree = "<group>"; };
		A91E994829CD1C1B0091F6E3 /* Assets.xcassets */ = {isa = PBXFileReference; lastKnownFileType = folder.assetcatalog; path = Assets.xcassets; sourceTree = "<group>"; };
		A91E994B29CD1C1B0091F6E3 /* Base */ = {isa = PBXFileReference; lastKnownFileType = file.storyboard; name = Base; path = Base.lproj/LaunchScreen.storyboard; sourceTree = "<group>"; };
		A91E994D29CD1C1B0091F6E3 /* Info.plist */ = {isa = PBXFileReference; lastKnownFileType = text.plist.xml; path = Info.plist; sourceTree = "<group>"; };
		A91E995C29CD20700091F6E3 /* GoogleService-Info.plist */ = {isa = PBXFileReference; fileEncoding = 4; lastKnownFileType = text.plist.xml; path = "GoogleService-Info.plist"; sourceTree = "<group>"; };
		A91E995E29CD30040091F6E3 /* FeedViewController.swift */ = {isa = PBXFileReference; lastKnownFileType = sourcecode.swift; path = FeedViewController.swift; sourceTree = "<group>"; };
		A91E996029CD30260091F6E3 /* UploadViewController.swift */ = {isa = PBXFileReference; lastKnownFileType = sourcecode.swift; path = UploadViewController.swift; sourceTree = "<group>"; };
		A91E996229CD304F0091F6E3 /* SettingsViewController.swift */ = {isa = PBXFileReference; lastKnownFileType = sourcecode.swift; path = SettingsViewController.swift; sourceTree = "<group>"; };
		A91E996429D1A2CD0091F6E3 /* FeedCell.swift */ = {isa = PBXFileReference; lastKnownFileType = sourcecode.swift; path = FeedCell.swift; sourceTree = "<group>"; };
/* End PBXFileReference section */

/* Begin PBXFrameworksBuildPhase section */
		A91E993929CD1C1A0091F6E3 /* Frameworks */ = {
			isa = PBXFrameworksBuildPhase;
			buildActionMask = 2147483647;
			files = (
				A91E995529CD1FF70091F6E3 /* FirebaseAnalytics in Frameworks */,
				A91E995B29CD1FF70091F6E3 /* FirebaseStorage in Frameworks */,
				A91E995729CD1FF70091F6E3 /* FirebaseAuth in Frameworks */,
				A91E995929CD1FF70091F6E3 /* FirebaseFirestore in Frameworks */,
				A91E996A29D332870091F6E3 /* SDWebImageMapKit in Frameworks */,
				A91E996829D332870091F6E3 /* SDWebImage in Frameworks */,
			);
			runOnlyForDeploymentPostprocessing = 0;
		};
/* End PBXFrameworksBuildPhase section */

/* Begin PBXGroup section */
		A91E993329CD1C1A0091F6E3 = {
			isa = PBXGroup;
			children = (
				A91E993E29CD1C1A0091F6E3 /* GinstaCloneApp */,
				A91E993D29CD1C1A0091F6E3 /* Products */,
			);
			sourceTree = "<group>";
		};
		A91E993D29CD1C1A0091F6E3 /* Products */ = {
			isa = PBXGroup;
			children = (
				A91E993C29CD1C1A0091F6E3 /* GinstaCloneApp.app */,
			);
			name = Products;
			sourceTree = "<group>";
		};
		A91E993E29CD1C1A0091F6E3 /* GinstaCloneApp */ = {
			isa = PBXGroup;
			children = (
				A91E993F29CD1C1A0091F6E3 /* AppDelegate.swift */,
				A91E994129CD1C1A0091F6E3 /* SceneDelegate.swift */,
				A91E994329CD1C1A0091F6E3 /* ViewController.swift */,
				A91E995E29CD30040091F6E3 /* FeedViewController.swift */,
				A91E996029CD30260091F6E3 /* UploadViewController.swift */,
				A91E996229CD304F0091F6E3 /* SettingsViewController.swift */,
				A91E996429D1A2CD0091F6E3 /* FeedCell.swift */,
				A91E995C29CD20700091F6E3 /* GoogleService-Info.plist */,
				A91E994529CD1C1A0091F6E3 /* Main.storyboard */,
				A91E994829CD1C1B0091F6E3 /* Assets.xcassets */,
				A91E994A29CD1C1B0091F6E3 /* LaunchScreen.storyboard */,
				A91E994D29CD1C1B0091F6E3 /* Info.plist */,
			);
			path = GinstaCloneApp;
			sourceTree = "<group>";
		};
/* End PBXGroup section */

/* Begin PBXNativeTarget section */
		A91E993B29CD1C1A0091F6E3 /* GinstaCloneApp */ = {
			isa = PBXNativeTarget;
			buildConfigurationList = A91E995029CD1C1B0091F6E3 /* Build configuration list for PBXNativeTarget "GinstaCloneApp" */;
			buildPhases = (
				A91E993829CD1C1A0091F6E3 /* Sources */,
				A91E993929CD1C1A0091F6E3 /* Frameworks */,
				A91E993A29CD1C1A0091F6E3 /* Resources */,
			);
			buildRules = (
			);
			dependencies = (
			);
			name = GinstaCloneApp;
			packageProductDependencies = (
				A91E995429CD1FF70091F6E3 /* FirebaseAnalytics */,
				A91E995629CD1FF70091F6E3 /* FirebaseAuth */,
				A91E995829CD1FF70091F6E3 /* FirebaseFirestore */,
				A91E995A29CD1FF70091F6E3 /* FirebaseStorage */,
				A91E996729D332870091F6E3 /* SDWebImage */,
				A91E996929D332870091F6E3 /* SDWebImageMapKit */,
			);
			productName = GinstaCloneApp;
			productReference = A91E993C29CD1C1A0091F6E3 /* GinstaCloneApp.app */;
			productType = "com.apple.product-type.application";
		};
/* End PBXNativeTarget section */

/* Begin PBXProject section */
		A91E993429CD1C1A0091F6E3 /* Project object */ = {
			isa = PBXProject;
			attributes = {
				BuildIndependentTargetsInParallel = 1;
				LastSwiftUpdateCheck = 1420;
				LastUpgradeCheck = 1420;
				TargetAttributes = {
					A91E993B29CD1C1A0091F6E3 = {
						CreatedOnToolsVersion = 14.2;
					};
				};
			};
			buildConfigurationList = A91E993729CD1C1A0091F6E3 /* Build configuration list for PBXProject "GinstaCloneApp" */;
			compatibilityVersion = "Xcode 14.0";
			developmentRegion = en;
			hasScannedForEncodings = 0;
			knownRegions = (
				en,
				Base,
			);
			mainGroup = A91E993329CD1C1A0091F6E3;
			packageReferences = (
				A91E995329CD1FF70091F6E3 /* XCRemoteSwiftPackageReference "firebase-ios-sdk" */,
				A91E996629D332860091F6E3 /* XCRemoteSwiftPackageReference "SDWebImage" */,
			);
			productRefGroup = A91E993D29CD1C1A0091F6E3 /* Products */;
			projectDirPath = "";
			projectRoot = "";
			targets = (
				A91E993B29CD1C1A0091F6E3 /* GinstaCloneApp */,
			);
		};
/* End PBXProject section */

/* Begin PBXResourcesBuildPhase section */
		A91E993A29CD1C1A0091F6E3 /* Resources */ = {
			isa = PBXResourcesBuildPhase;
			buildActionMask = 2147483647;
			files = (
				A91E994C29CD1C1B0091F6E3 /* LaunchScreen.storyboard in Resources */,
				A91E995D29CD20700091F6E3 /* GoogleService-Info.plist in Resources */,
				A91E994929CD1C1B0091F6E3 /* Assets.xcassets in Resources */,
				A91E994729CD1C1A0091F6E3 /* Main.storyboard in Resources */,
			);
			runOnlyForDeploymentPostprocessing = 0;
		};
/* End PBXResourcesBuildPhase section */

/* Begin PBXSourcesBuildPhase section */
		A91E993829CD1C1A0091F6E3 /* Sources */ = {
			isa = PBXSourcesBuildPhase;
			buildActionMask = 2147483647;
			files = (
				A91E996529D1A2CD0091F6E3 /* FeedCell.swift in Sources */,
				A91E994429CD1C1A0091F6E3 /* ViewController.swift in Sources */,
				A91E996129CD30260091F6E3 /* UploadViewController.swift in Sources */,
				A91E994029CD1C1A0091F6E3 /* AppDelegate.swift in Sources */,
				A91E995F29CD30040091F6E3 /* FeedViewController.swift in Sources */,
				A91E994229CD1C1A0091F6E3 /* SceneDelegate.swift in Sources */,
				A91E996329CD304F0091F6E3 /* SettingsViewController.swift in Sources */,
			);
			runOnlyForDeploymentPostprocessing = 0;
		};
/* End PBXSourcesBuildPhase section */

/* Begin PBXVariantGroup section */
		A91E994529CD1C1A0091F6E3 /* Main.storyboard */ = {
			isa = PBXVariantGroup;
			children = (
				A91E994629CD1C1A0091F6E3 /* Base */,
			);
			name = Main.storyboard;
			sourceTree = "<group>";
		};
		A91E994A29CD1C1B0091F6E3 /* LaunchScreen.storyboard */ = {
			isa = PBXVariantGroup;
			children = (
				A91E994B29CD1C1B0091F6E3 /* Base */,
			);
			name = LaunchScreen.storyboard;
			sourceTree = "<group>";
		};
/* End PBXVariantGroup section */

/* Begin XCBuildConfiguration section */
		A91E994E29CD1C1B0091F6E3 /* Debug */ = {
			isa = XCBuildConfiguration;
			buildSettings = {
				ALWAYS_SEARCH_USER_PATHS = NO;
				CLANG_ANALYZER_NONNULL = YES;
				CLANG_ANALYZER_NUMBER_OBJECT_CONVERSION = YES_AGGRESSIVE;
				CLANG_CXX_LANGUAGE_STANDARD = "gnu++20";
				CLANG_ENABLE_MODULES = YES;
				CLANG_ENABLE_OBJC_ARC = YES;
				CLANG_ENABLE_OBJC_WEAK = YES;
				CLANG_WARN_BLOCK_CAPTURE_AUTORELEASING = YES;
				CLANG_WARN_BOOL_CONVERSION = YES;
				CLANG_WARN_COMMA = YES;
				CLANG_WARN_CONSTANT_CONVERSION = YES;
				CLANG_WARN_DEPRECATED_OBJC_IMPLEMENTATIONS = YES;
				CLANG_WARN_DIRECT_OBJC_ISA_USAGE = YES_ERROR;
				CLANG_WARN_DOCUMENTATION_COMMENTS = YES;
				CLANG_WARN_EMPTY_BODY = YES;
				CLANG_WARN_ENUM_CONVERSION = YES;
				CLANG_WARN_INFINITE_RECURSION = YES;
				CLANG_WARN_INT_CONVERSION = YES;
				CLANG_WARN_NON_LITERAL_NULL_CONVERSION = YES;
				CLANG_WARN_OBJC_IMPLICIT_RETAIN_SELF = YES;
				CLANG_WARN_OBJC_LITERAL_CONVERSION = YES;
				CLANG_WARN_OBJC_ROOT_CLASS = YES_ERROR;
				CLANG_WARN_QUOTED_INCLUDE_IN_FRAMEWORK_HEADER = YES;
				CLANG_WARN_RANGE_LOOP_ANALYSIS = YES;
				CLANG_WARN_STRICT_PROTOTYPES = YES;
				CLANG_WARN_SUSPICIOUS_MOVE = YES;
				CLANG_WARN_UNGUARDED_AVAILABILITY = YES_AGGRESSIVE;
				CLANG_WARN_UNREACHABLE_CODE = YES;
				CLANG_WARN__DUPLICATE_METHOD_MATCH = YES;
				COPY_PHASE_STRIP = NO;
				DEBUG_INFORMATION_FORMAT = dwarf;
				ENABLE_STRICT_OBJC_MSGSEND = YES;
				ENABLE_TESTABILITY = YES;
				GCC_C_LANGUAGE_STANDARD = gnu11;
				GCC_DYNAMIC_NO_PIC = NO;
				GCC_NO_COMMON_BLOCKS = YES;
				GCC_OPTIMIZATION_LEVEL = 0;
				GCC_PREPROCESSOR_DEFINITIONS = (
					"DEBUG=1",
					"$(inherited)",
				);
				GCC_WARN_64_TO_32_BIT_CONVERSION = YES;
				GCC_WARN_ABOUT_RETURN_TYPE = YES_ERROR;
				GCC_WARN_UNDECLARED_SELECTOR = YES;
				GCC_WARN_UNINITIALIZED_AUTOS = YES_AGGRESSIVE;
				GCC_WARN_UNUSED_FUNCTION = YES;
				GCC_WARN_UNUSED_VARIABLE = YES;
				IPHONEOS_DEPLOYMENT_TARGET = 16.2;
				MTL_ENABLE_DEBUG_INFO = INCLUDE_SOURCE;
				MTL_FAST_MATH = YES;
				ONLY_ACTIVE_ARCH = YES;
				SDKROOT = iphoneos;
				SWIFT_ACTIVE_COMPILATION_CONDITIONS = DEBUG;
				SWIFT_OPTIMIZATION_LEVEL = "-Onone";
			};
			name = Debug;
		};
		A91E994F29CD1C1B0091F6E3 /* Release */ = {
			isa = XCBuildConfiguration;
			buildSettings = {
				ALWAYS_SEARCH_USER_PATHS = NO;
				CLANG_ANALYZER_NONNULL = YES;
				CLANG_ANALYZER_NUMBER_OBJECT_CONVERSION = YES_AGGRESSIVE;
				CLANG_CXX_LANGUAGE_STANDARD = "gnu++20";
				CLANG_ENABLE_MODULES = YES;
				CLANG_ENABLE_OBJC_ARC = YES;
				CLANG_ENABLE_OBJC_WEAK = YES;
				CLANG_WARN_BLOCK_CAPTURE_AUTORELEASING = YES;
				CLANG_WARN_BOOL_CONVERSION = YES;
				CLANG_WARN_COMMA = YES;
				CLANG_WARN_CONSTANT_CONVERSION = YES;
				CLANG_WARN_DEPRECATED_OBJC_IMPLEMENTATIONS = YES;
				CLANG_WARN_DIRECT_OBJC_ISA_USAGE = YES_ERROR;
				CLANG_WARN_DOCUMENTATION_COMMENTS = YES;
				CLANG_WARN_EMPTY_BODY = YES;
				CLANG_WARN_ENUM_CONVERSION = YES;
				CLANG_WARN_INFINITE_RECURSION = YES;
				CLANG_WARN_INT_CONVERSION = YES;
				CLANG_WARN_NON_LITERAL_NULL_CONVERSION = YES;
				CLANG_WARN_OBJC_IMPLICIT_RETAIN_SELF = YES;
				CLANG_WARN_OBJC_LITERAL_CONVERSION = YES;
				CLANG_WARN_OBJC_ROOT_CLASS = YES_ERROR;
				CLANG_WARN_QUOTED_INCLUDE_IN_FRAMEWORK_HEADER = YES;
				CLANG_WARN_RANGE_LOOP_ANALYSIS = YES;
				CLANG_WARN_STRICT_PROTOTYPES = YES;
				CLANG_WARN_SUSPICIOUS_MOVE = YES;
				CLANG_WARN_UNGUARDED_AVAILABILITY = YES_AGGRESSIVE;
				CLANG_WARN_UNREACHABLE_CODE = YES;
				CLANG_WARN__DUPLICATE_METHOD_MATCH = YES;
				COPY_PHASE_STRIP = NO;
				DEBUG_INFORMATION_FORMAT = "dwarf-with-dsym";
				ENABLE_NS_ASSERTIONS = NO;
				ENABLE_STRICT_OBJC_MSGSEND = YES;
				GCC_C_LANGUAGE_STANDARD = gnu11;
				GCC_NO_COMMON_BLOCKS = YES;
				GCC_WARN_64_TO_32_BIT_CONVERSION = YES;
				GCC_WARN_ABOUT_RETURN_TYPE = YES_ERROR;
				GCC_WARN_UNDECLARED_SELECTOR = YES;
				GCC_WARN_UNINITIALIZED_AUTOS = YES_AGGRESSIVE;
				GCC_WARN_UNUSED_FUNCTION = YES;
				GCC_WARN_UNUSED_VARIABLE = YES;
				IPHONEOS_DEPLOYMENT_TARGET = 16.2;
				MTL_ENABLE_DEBUG_INFO = NO;
				MTL_FAST_MATH = YES;
				SDKROOT = iphoneos;
				SWIFT_COMPILATION_MODE = wholemodule;
				SWIFT_OPTIMIZATION_LEVEL = "-O";
				VALIDATE_PRODUCT = YES;
			};
			name = Release;
		};
		A91E995129CD1C1B0091F6E3 /* Debug */ = {
			isa = XCBuildConfiguration;
			buildSettings = {
				ASSETCATALOG_COMPILER_APPICON_NAME = AppIcon;
				ASSETCATALOG_COMPILER_GLOBAL_ACCENT_COLOR_NAME = AccentColor;
				CODE_SIGN_STYLE = Automatic;
				CURRENT_PROJECT_VERSION = 1;
				GENERATE_INFOPLIST_FILE = YES;
				INFOPLIST_FILE = GinstaCloneApp/Info.plist;
				INFOPLIST_KEY_UIApplicationSupportsIndirectInputEvents = YES;
				INFOPLIST_KEY_UILaunchStoryboardName = LaunchScreen;
				INFOPLIST_KEY_UIMainStoryboardFile = Main;
				INFOPLIST_KEY_UISupportedInterfaceOrientations_iPad = "UIInterfaceOrientationPortrait UIInterfaceOrientationPortraitUpsideDown UIInterfaceOrientationLandscapeLeft UIInterfaceOrientationLandscapeRight";
				INFOPLIST_KEY_UISupportedInterfaceOrientations_iPhone = "UIInterfaceOrientationPortrait UIInterfaceOrientationLandscapeLeft UIInterfaceOrientationLandscapeRight";
				LD_RUNPATH_SEARCH_PATHS = (
					"$(inherited)",
					"@executable_path/Frameworks",
				);
				MARKETING_VERSION = 1.0;
				PRODUCT_BUNDLE_IDENTIFIER = com.umityusuferdem.GinstaCloneApp;
				PRODUCT_NAME = "$(TARGET_NAME)";
				SWIFT_EMIT_LOC_STRINGS = YES;
				SWIFT_VERSION = 5.0;
				TARGETED_DEVICE_FAMILY = "1,2";
			};
			name = Debug;
		};
		A91E995229CD1C1B0091F6E3 /* Release */ = {
			isa = XCBuildConfiguration;
			buildSettings = {
				ASSETCATALOG_COMPILER_APPICON_NAME = AppIcon;
				ASSETCATALOG_COMPILER_GLOBAL_ACCENT_COLOR_NAME = AccentColor;
				CODE_SIGN_STYLE = Automatic;
				CURRENT_PROJECT_VERSION = 1;
				GENERATE_INFOPLIST_FILE = YES;
				INFOPLIST_FILE = GinstaCloneApp/Info.plist;
				INFOPLIST_KEY_UIApplicationSupportsIndirectInputEvents = YES;
				INFOPLIST_KEY_UILaunchStoryboardName = LaunchScreen;
				INFOPLIST_KEY_UIMainStoryboardFile = Main;
				INFOPLIST_KEY_UISupportedInterfaceOrientations_iPad = "UIInterfaceOrientationPortrait UIInterfaceOrientationPortraitUpsideDown UIInterfaceOrientationLandscapeLeft UIInterfaceOrientationLandscapeRight";
				INFOPLIST_KEY_UISupportedInterfaceOrientations_iPhone = "UIInterfaceOrientationPortrait UIInterfaceOrientationLandscapeLeft UIInterfaceOrientationLandscapeRight";
				LD_RUNPATH_SEARCH_PATHS = (
					"$(inherited)",
					"@executable_path/Frameworks",
				);
				MARKETING_VERSION = 1.0;
				PRODUCT_BUNDLE_IDENTIFIER = com.umityusuferdem.GinstaCloneApp;
				PRODUCT_NAME = "$(TARGET_NAME)";
				SWIFT_EMIT_LOC_STRINGS = YES;
				SWIFT_VERSION = 5.0;
				TARGETED_DEVICE_FAMILY = "1,2";
			};
			name = Release;
		};
/* End XCBuildConfiguration section */

/* Begin XCConfigurationList section */
		A91E993729CD1C1A0091F6E3 /* Build configuration list for PBXProject "GinstaCloneApp" */ = {
			isa = XCConfigurationList;
			buildConfigurations = (
				A91E994E29CD1C1B0091F6E3 /* Debug */,
				A91E994F29CD1C1B0091F6E3 /* Release */,
			);
			defaultConfigurationIsVisible = 0;
			defaultConfigurationName = Release;
		};
		A91E995029CD1C1B0091F6E3 /* Build configuration list for PBXNativeTarget "GinstaCloneApp" */ = {
			isa = XCConfigurationList;
			buildConfigurations = (
				A91E995129CD1C1B0091F6E3 /* Debug */,
				A91E995229CD1C1B0091F6E3 /* Release */,
			);
			defaultConfigurationIsVisible = 0;
			defaultConfigurationName = Release;
		};
/* End XCConfigurationList section */

/* Begin XCRemoteSwiftPackageReference section */
		A91E995329CD1FF70091F6E3 /* XCRemoteSwiftPackageReference "firebase-ios-sdk" */ = {
			isa = XCRemoteSwiftPackageReference;
			repositoryURL = "https://github.com/firebase/firebase-ios-sdk";
			requirement = {
				branch = master;
				kind = branch;
			};
		};
		A91E996629D332860091F6E3 /* XCRemoteSwiftPackageReference "SDWebImage" */ = {
			isa = XCRemoteSwiftPackageReference;
			repositoryURL = "https://github.com/SDWebImage/SDWebImage";
			requirement = {
				kind = upToNextMajorVersion;
				minimumVersion = 5.0.0;
			};
		};
/* End XCRemoteSwiftPackageReference section */

/* Begin XCSwiftPackageProductDependency section */
		A91E995429CD1FF70091F6E3 /* FirebaseAnalytics */ = {
			isa = XCSwiftPackageProductDependency;
			package = A91E995329CD1FF70091F6E3 /* XCRemoteSwiftPackageReference "firebase-ios-sdk" */;
			productName = FirebaseAnalytics;
		};
		A91E995629CD1FF70091F6E3 /* FirebaseAuth */ = {
			isa = XCSwiftPackageProductDependency;
			package = A91E995329CD1FF70091F6E3 /* XCRemoteSwiftPackageReference "firebase-ios-sdk" */;
			productName = FirebaseAuth;
		};
		A91E995829CD1FF70091F6E3 /* FirebaseFirestore */ = {
			isa = XCSwiftPackageProductDependency;
			package = A91E995329CD1FF70091F6E3 /* XCRemoteSwiftPackageReference "firebase-ios-sdk" */;
			productName = FirebaseFirestore;
		};
		A91E995A29CD1FF70091F6E3 /* FirebaseStorage */ = {
			isa = XCSwiftPackageProductDependency;
			package = A91E995329CD1FF70091F6E3 /* XCRemoteSwiftPackageReference "firebase-ios-sdk" */;
			productName = FirebaseStorage;
		};
		A91E996729D332870091F6E3 /* SDWebImage */ = {
			isa = XCSwiftPackageProductDependency;
			package = A91E996629D332860091F6E3 /* XCRemoteSwiftPackageReference "SDWebImage" */;
			productName = SDWebImage;
		};
		A91E996929D332870091F6E3 /* SDWebImageMapKit */ = {
			isa = XCSwiftPackageProductDependency;
			package = A91E996629D332860091F6E3 /* XCRemoteSwiftPackageReference "SDWebImage" */;
			productName = SDWebImageMapKit;
		};
/* End XCSwiftPackageProductDependency section */
	};
	rootObject = A91E993429CD1C1A0091F6E3 /* Project object */;
}
